
Microsoft Visual Studio Solution File, Format Version 12.00
# Visual Studio Version 18
VisualStudioVersion = 18.2.11415.280 d18.0
MinimumVisualStudioVersion = 10.0.40219.1
Project("{FAE04EC0-301F-11D3-BF4B-00C04F79EFBC}") = "Solution", "Solution.csproj", "{F50EF073-6498-4B7E-9251-352FB57A9BCD}"
EndProject
Project("{FAE04EC0-301F-11D3-BF4B-00C04F79EFBC}") = "unary.core.analyzers", "unary.core\analyzers\unary.core.analyzers.csproj", "{F50EF073-6498-4B7E-9251-352FB57A9BCE}"
EndProject
Global
	GlobalSection(SolutionConfigurationPlatforms) = preSolution
		Debug|Any CPU = Debug|Any CPU
		ExportDebug|Any CPU = ExportDebug|Any CPU
		ExportRelease|Any CPU = ExportRelease|Any CPU
	EndGlobalSection
	GlobalSection(ProjectConfigurationPlatforms) = postSolution
		{F50EF073-6498-4B7E-9251-352FB57A9BCD}.Debug|Any CPU.ActiveCfg = Debug|Any CPU
		{F50EF073-6498-4B7E-9251-352FB57A9BCD}.Debug|Any CPU.Build.0 = Debug|Any CPU
		{F50EF073-6498-4B7E-9251-352FB57A9BCD}.ExportDebug|Any CPU.ActiveCfg = ExportDebug|Any CPU
		{F50EF073-6498-4B7E-9251-352FB57A9BCD}.ExportDebug|Any CPU.Build.0 = ExportDebug|Any CPU
		{F50EF073-6498-4B7E-9251-352FB57A9BCD}.ExportRelease|Any CPU.ActiveCfg = ExportRelease|Any CPU
		{F50EF073-6498-4B7E-9251-352FB57A9BCD}.ExportRelease|Any CPU.Build.0 = ExportRelease|Any CPU
		{F50EF073-6498-4B7E-9251-352FB57A9BCE}.Debug|Any CPU.ActiveCfg = Debug|Any CPU
		{F50EF073-6498-4B7E-9251-352FB57A9BCE}.Debug|Any CPU.Build.0 = Debug|Any CPU
		{F50EF073-6498-4B7E-9251-352FB57A9BCE}.ExportDebug|Any CPU.ActiveCfg = Release|Any CPU
		{F50EF073-6498-4B7E-9251-352FB57A9BCE}.ExportDebug|Any CPU.Build.0 = Release|Any CPU
		{F50EF073-6498-4B7E-9251-352FB57A9BCE}.ExportRelease|Any CPU.ActiveCfg = Release|Any CPU
		{F50EF073-6498-4B7E-9251-352FB57A9BCE}.ExportRelease|Any CPU.Build.0 = Release|Any CPU
	EndGlobalSection
	GlobalSection(SolutionProperties) = preSolution
		HideSolutionNode = FALSE
	EndGlobalSection
EndGlobal
